# This file is autogenerated, do not edit; changes may be undone by the next 'dep ensure'.


[[projects]]
  branch = "master"
  name = "github.com/blevesearch/bleve"
  packages = [".","analysis","analysis/analyzer/standard","analysis/datetime/flexible","analysis/datetime/optional","analysis/lang/en","analysis/token/lowercase","analysis/token/porter","analysis/token/stop","analysis/tokenizer/unicode","document","geo","index","index/store","index/store/boltdb","index/store/gtreap","index/upsidedown","mapping","numeric","registry","search","search/collector","search/facet","search/highlight","search/highlight/format/html","search/highlight/fragmenter/simple","search/highlight/highlighter/html","search/highlight/highlighter/simple","search/query","search/scorer","search/searcher"]
  revision = "6eea5b78da004393b1d06b8c88d1bed9ca0a94b2"

[[projects]]
  branch = "master"
  name = "github.com/blevesearch/go-porterstemmer"
  packages = ["."]
  revision = "23a2c8e5cf1f380f27722c6d2ae8896431dc7d0e"

[[projects]]
  name = "github.com/blevesearch/segment"
  packages = ["."]
  revision = "db70c57796cc8c310613541dfade3dce627d09c7"

[[projects]]
  branch = "master"
  name = "github.com/boltdb/bolt"
  packages = ["."]
  revision = "fa5367d20c994db73282594be0146ab221657943"

[[projects]]
  name = "github.com/davecgh/go-spew"
  packages = ["spew"]
  revision = "04cdfd42973bb9c8589fd6a731800cf222fde1a9"

[[projects]]
  branch = "master"
  name = "github.com/drhodes/golorem"
  packages = ["."]
  revision = "ecccc744c2d953a1e13cbe5e5fc5d4cbc9b8daeb"

[[projects]]
  branch = "master"
  name = "github.com/elazarl/go-bindata-assetfs"
  packages = ["."]
  revision = "30f82fa23fd844bd5bb1e5f216db87fd77b5eb43"

[[projects]]
  name = "github.com/golang/protobuf"
  packages = ["proto"]
  revision = "655cdfa588ea190e901bc5590e65d5621688847c"

[[projects]]
  branch = "master"
  name = "github.com/gtank/cryptopasta"
  packages = ["."]
  revision = "1f550f6f2f69009f6ae57347c188e0a67cd4e500"

[[projects]]
  branch = "master"
  name = "github.com/julienschmidt/httprouter"
  packages = ["."]
  revision = "e1b9828bc9e5904baec057a154c09ca40fe7fae0"

[[projects]]
  branch = "master"
  name = "github.com/mitchellh/go-homedir"
  packages = ["."]
  revision = "b8bc1bf767474819792c23f32d8286a45736f1c6"

[[projects]]
  branch = "master"
  name = "github.com/pkg/errors"
  packages = ["."]
  revision = "f15c970de5b76fac0b59abb32d62c17cc7bed265"

[[projects]]
  name = "github.com/pmezard/go-difflib"
  packages = ["difflib"]
  revision = "d8ed2627bdf02c080bf22230dbb337003b7aba2d"

[[projects]]
  branch = "master"
  name = "github.com/sirupsen/logrus"
  packages = ["."]
  revision = "89742aefa4b206dcf400792f3bd35b542998eb3b"

[[projects]]
  branch = "master"
  name = "github.com/steveyen/gtreap"
  packages = ["."]
  revision = "0abe01ef9be25c4aedc174758ec2d917314d6d70"

[[projects]]
  branch = "master"
  name = "github.com/stretchr/testify"
  packages = ["assert"]
  revision = "2aa2c176b9dab406a6970f6a55f513e8a8c8b18f"

[[projects]]
  name = "github.com/twinj/uuid"
  packages = ["."]
  revision = "7bbe408d339787c56ec15568c947c0959db1b275"
  version = "v0.1.0"

[[projects]]
  name = "golang.org/x/crypto"
  packages = ["bcrypt","blowfish","ssh/terminal"]
  revision = "bd6f299fb381e4c3393d1c4b1f0b94f5e77650c8"

[[projects]]
  name = "golang.org/x/net"
  packages = ["context","websocket"]
  revision = "e45385e9b226f570b1f086bf287b25d3d4117776"

[[projects]]
  branch = "master"
  name = "golang.org/x/sys"
  packages = ["unix","windows"]
  revision = "bf42f188b9bc6f2cf5b8ee5a912ef1aedd0eba4c"

[solve-meta]
  analyzer-name = "dep"
  analyzer-version = 1
  inputs-digest = "508157d1417c2ef1fff3351b1171d70187493603f836c8850b82d6b80e98a00c"
  solver-name = "gps-cdcl"
  solver-version = 1
